lockfileVersion: '9.0'

settings:
  autoInstallPeers: true
  excludeLinksFromLockfile: false

importers:
  .:
    dependencies:
      '@supabase/ssr':
        specifier: '0.12.3'
        version: '0.12.3'
      '@supabase/supabase-js':
        specifier: '2.110.7'
        version: '2.110.7'
      'clsx':
        specifier: '2.1.1'
        version: '2.1.1'
      'date-fns':
        specifier: '4.1.0'
        version: '4.1.0'
      'lucide-react':
        specifier: '1.25.0'
        version: '1.25.0'
      'next':
        specifier: '16.2.10'
        version: '16.2.10'
      'react':
        specifier: '19.2.7'
        version: '19.2.7'
      'react-dom':
        specifier: '19.2.7'
        version: '19.2.7'
      'zod':
        specifier: '4.4.3'
        version: '4.4.3'
    devDependencies:
      '@types/node':
        specifier: '24.10.0'
        version: '24.10.0'
      '@types/react':
        specifier: '19.2.2'
        version: '19.2.2'
      '@types/react-dom':
        specifier: '19.2.2'
        version: '19.2.2'
      'typescript':
        specifier: '^5.9.3'
        version: '5.9.3'

packages: {}

snapshots: {}
